
Microsoft Visual Studio Solution File, Format Version 12.00
# Visual Studio 2012
Project("{FAE04EC0-301F-11D3-BF4B-00C04F79EFBC}") = "AbstractFactory", "AbstractFactory\AbstractFactory.csproj", "{2E756897-B9B1-4614-A7CF-0BA3FED625CA}"
EndProject
Project("{FAE04EC0-301F-11D3-BF4B-00C04F79EFBC}") = "Builder", "Builder\Builder.csproj", "{260AEC51-6C41-4423-AFA1-C9E6589DB5EE}"
EndProject
Project("{FAE04EC0-301F-11D3-BF4B-00C04F79EFBC}") = "FactoryMethod", "FactoryMethod\FactoryMethod.csproj", "{E57BB498-91E7-4ED7-B931-E0D0A711A34A}"
EndProject
Project("{FAE04EC0-301F-11D3-BF4B-00C04F79EFBC}") = "Prototype", "Prototype\Prototype.csproj", "{3F84A0FD-8337-4382-B702-CB925A1F275B}"
EndProject
Project("{FAE04EC0-301F-11D3-BF4B-00C04F79EFBC}") = "Singleton", "Singleton\Singleton.csproj", "{12B76420-650F-4688-99EE-1D2FC14229A3}"
EndProject
Project("{2150E333-8FDC-42A3-9474-1A3956D46DE8}") = "Creational", "Creational", "{08BB4B8C-0DA7-47C4-88E9-7413BDA3C7D8}"
EndProject
Project("{2150E333-8FDC-42A3-9474-1A3956D46DE8}") = "Structural", "Structural", "{4B2B067D-3FDB-4585-8E59-9A93CCE47878}"
EndProject
Project("{FAE04EC0-301F-11D3-BF4B-00C04F79EFBC}") = "Proxy", "Proxy\Proxy.csproj", "{26061753-855C-41DE-A314-98F73ED93896}"
EndProject
Project("{FAE04EC0-301F-11D3-BF4B-00C04F79EFBC}") = "Flyweight", "Flyweight\Flyweight.csproj", "{393AF581-D1B8-4183-8985-914158704F6F}"
EndProject
Global
	GlobalSection(SolutionConfigurationPlatforms) = preSolution
		Debug|Any CPU = Debug|Any CPU
		Release|Any CPU = Release|Any CPU
	EndGlobalSection
	GlobalSection(ProjectConfigurationPlatforms) = postSolution
		{2E756897-B9B1-4614-A7CF-0BA3FED625CA}.Debug|Any CPU.ActiveCfg = Debug|Any CPU
		{2E756897-B9B1-4614-A7CF-0BA3FED625CA}.Debug|Any CPU.Build.0 = Debug|Any CPU
		{2E756897-B9B1-4614-A7CF-0BA3FED625CA}.Release|Any CPU.ActiveCfg = Release|Any CPU
		{2E756897-B9B1-4614-A7CF-0BA3FED625CA}.Release|Any CPU.Build.0 = Release|Any CPU
		{260AEC51-6C41-4423-AFA1-C9E6589DB5EE}.Debug|Any CPU.ActiveCfg = Debug|Any CPU
		{260AEC51-6C41-4423-AFA1-C9E6589DB5EE}.Debug|Any CPU.Build.0 = Debug|Any CPU
		{260AEC51-6C41-4423-AFA1-C9E6589DB5EE}.Release|Any CPU.ActiveCfg = Release|Any CPU
		{260AEC51-6C41-4423-AFA1-C9E6589DB5EE}.Release|Any CPU.Build.0 = Release|Any CPU
		{E57BB498-91E7-4ED7-B931-E0D0A711A34A}.Debug|Any CPU.ActiveCfg = Debug|Any CPU
		{E57BB498-91E7-4ED7-B931-E0D0A711A34A}.Debug|Any CPU.Build.0 = Debug|Any CPU
		{E57BB498-91E7-4ED7-B931-E0D0A711A34A}.Release|Any CPU.ActiveCfg = Release|Any CPU
		{E57BB498-91E7-4ED7-B931-E0D0A711A34A}.Release|Any CPU.Build.0 = Release|Any CPU
		{3F84A0FD-8337-4382-B702-CB925A1F275B}.Debug|Any CPU.ActiveCfg = Debug|Any CPU
		{3F84A0FD-8337-4382-B702-CB925A1F275B}.Debug|Any CPU.Build.0 = Debug|Any CPU
		{3F84A0FD-8337-4382-B702-CB925A1F275B}.Release|Any CPU.ActiveCfg = Release|Any CPU
		{3F84A0FD-8337-4382-B702-CB925A1F275B}.Release|Any CPU.Build.0 = Release|Any CPU
		{12B76420-650F-4688-99EE-1D2FC14229A3}.Debug|Any CPU.ActiveCfg = Debug|Any CPU
		{12B76420-650F-4688-99EE-1D2FC14229A3}.Debug|Any CPU.Build.0 = Debug|Any CPU
		{12B76420-650F-4688-99EE-1D2FC14229A3}.Release|Any CPU.ActiveCfg = Release|Any CPU
		{12B76420-650F-4688-99EE-1D2FC14229A3}.Release|Any CPU.Build.0 = Release|Any CPU
		{26061753-855C-41DE-A314-98F73ED93896}.Debug|Any CPU.ActiveCfg = Debug|Any CPU
		{26061753-855C-41DE-A314-98F73ED93896}.Debug|Any CPU.Build.0 = Debug|Any CPU
		{26061753-855C-41DE-A314-98F73ED93896}.Release|Any CPU.ActiveCfg = Release|Any CPU
		{26061753-855C-41DE-A314-98F73ED93896}.Release|Any CPU.Build.0 = Release|Any CPU
		{393AF581-D1B8-4183-8985-914158704F6F}.Debug|Any CPU.ActiveCfg = Debug|Any CPU
		{393AF581-D1B8-4183-8985-914158704F6F}.Debug|Any CPU.Build.0 = Debug|Any CPU
		{393AF581-D1B8-4183-8985-914158704F6F}.Release|Any CPU.ActiveCfg = Release|Any CPU
		{393AF581-D1B8-4183-8985-914158704F6F}.Release|Any CPU.Build.0 = Release|Any CPU
	EndGlobalSection
	GlobalSection(SolutionProperties) = preSolution
		HideSolutionNode = FALSE
	EndGlobalSection
	GlobalSection(NestedProjects) = preSolution
		{260AEC51-6C41-4423-AFA1-C9E6589DB5EE} = {08BB4B8C-0DA7-47C4-88E9-7413BDA3C7D8}
		{E57BB498-91E7-4ED7-B931-E0D0A711A34A} = {08BB4B8C-0DA7-47C4-88E9-7413BDA3C7D8}
		{3F84A0FD-8337-4382-B702-CB925A1F275B} = {08BB4B8C-0DA7-47C4-88E9-7413BDA3C7D8}
		{12B76420-650F-4688-99EE-1D2FC14229A3} = {08BB4B8C-0DA7-47C4-88E9-7413BDA3C7D8}
		{2E756897-B9B1-4614-A7CF-0BA3FED625CA} = {08BB4B8C-0DA7-47C4-88E9-7413BDA3C7D8}
		{26061753-855C-41DE-A314-98F73ED93896} = {4B2B067D-3FDB-4585-8E59-9A93CCE47878}
		{393AF581-D1B8-4183-8985-914158704F6F} = {4B2B067D-3FDB-4585-8E59-9A93CCE47878}
	EndGlobalSection
EndGlobal
